
Microsoft Visual Studio Solution File, Format Version 12.00
# Visual Studio Version 16
VisualStudioVersion = 16.0.30204.135
MinimumVisualStudioVersion = 10.0.40219.1
Project("{FAE04EC0-301F-11D3-BF4B-00C04F79EFBC}") = "Ejercicios06Punto12", "Ejercicios06Punto12\Ejercicios06Punto12.csproj", "{F7954F08-04E6-444D-99A1-CFE78E75B38F}"
EndProject
Global
	GlobalSection(SolutionConfigurationPlatforms) = preSolution
		Debug|Any CPU = Debug|Any CPU
		Release|Any CPU = Release|Any CPU
	EndGlobalSection
	GlobalSection(ProjectConfigurationPlatforms) = postSolution
		{F7954F08-04E6-444D-99A1-CFE78E75B38F}.Debug|Any CPU.ActiveCfg = Debug|Any CPU
		{F7954F08-04E6-444D-99A1-CFE78E75B38F}.Debug|Any CPU.Build.0 = Debug|Any CPU
		{F7954F08-04E6-444D-99A1-CFE78E75B38F}.Release|Any CPU.ActiveCfg = Release|Any CPU
		{F7954F08-04E6-444D-99A1-CFE78E75B38F}.Release|Any CPU.Build.0 = Release|Any CPU
	EndGlobalSection
	GlobalSection(SolutionProperties) = preSolution
		HideSolutionNode = FALSE
	EndGlobalSection
	GlobalSection(ExtensibilityGlobals) = postSolution
		SolutionGuid = {9F29DBF3-378C-41E4-841A-DC8908C1085E}
	EndGlobalSection
EndGlobal
